
Microsoft Visual Studio Solution File, Format Version 9.00
# Visual Studio 2005
Project("{FAE04EC0-301F-11D3-BF4B-00C04F79EFBC}") = "Dario.NH01", "Dario.NH01\Dario.NH01.csproj", "{C04118DA-6E38-4CA1-8452-13ED7C56D340}"
EndProject
Global
	GlobalSection(SolutionConfigurationPlatforms) = preSolution
		Debug|Any CPU = Debug|Any CPU
		Release|Any CPU = Release|Any CPU
	EndGlobalSection
	GlobalSection(ProjectConfigurationPlatforms) = postSolution
		{C04118DA-6E38-4CA1-8452-13ED7C56D340}.Debug|Any CPU.ActiveCfg = Debug|Any CPU
		{C04118DA-6E38-4CA1-8452-13ED7C56D340}.Debug|Any CPU.Build.0 = Debug|Any CPU
		{C04118DA-6E38-4CA1-8452-13ED7C56D340}.Release|Any CPU.ActiveCfg = Release|Any CPU
		{C04118DA-6E38-4CA1-8452-13ED7C56D340}.Release|Any CPU.Build.0 = Release|Any CPU
	EndGlobalSection
	GlobalSection(SolutionProperties) = preSolution
		HideSolutionNode = FALSE
	EndGlobalSection
EndGlobal
